
Microsoft Visual Studio Solution File, Format Version 12.00
# Visual Studio Version 17
VisualStudioVersion = 17.5.33530.505
MinimumVisualStudioVersion = 10.0.40219.1
Project("{FAE04EC0-301F-11D3-BF4B-00C04F79EFBC}") = "WebApiDocker", "WebApiDocker\WebApiDocker.csproj", "{4298766D-D1A2-4910-A0F1-4A465489E9A7}"
EndProject
Project("{E53339B2-1760-4266-BCC7-CA923CBCF16C}") = "docker-compose", "docker-compose.dcproj", "{20FA208E-36E1-4098-AA67-AFE31E980774}"
EndProject
Global
	GlobalSection(SolutionConfigurationPlatforms) = preSolution
		Debug|Any CPU = Debug|Any CPU
		Release|Any CPU = Release|Any CPU
	EndGlobalSection
	GlobalSection(ProjectConfigurationPlatforms) = postSolution
		{4298766D-D1A2-4910-A0F1-4A465489E9A7}.Debug|Any CPU.ActiveCfg = Debug|Any CPU
		{4298766D-D1A2-4910-A0F1-4A465489E9A7}.Debug|Any CPU.Build.0 = Debug|Any CPU
		{4298766D-D1A2-4910-A0F1-4A465489E9A7}.Release|Any CPU.ActiveCfg = Release|Any CPU
		{4298766D-D1A2-4910-A0F1-4A465489E9A7}.Release|Any CPU.Build.0 = Release|Any CPU
		{20FA208E-36E1-4098-AA67-AFE31E980774}.Debug|Any CPU.ActiveCfg = Debug|Any CPU
		{20FA208E-36E1-4098-AA67-AFE31E980774}.Debug|Any CPU.Build.0 = Debug|Any CPU
		{20FA208E-36E1-4098-AA67-AFE31E980774}.Release|Any CPU.ActiveCfg = Release|Any CPU
		{20FA208E-36E1-4098-AA67-AFE31E980774}.Release|Any CPU.Build.0 = Release|Any CPU
	EndGlobalSection
	GlobalSection(SolutionProperties) = preSolution
		HideSolutionNode = FALSE
	EndGlobalSection
	GlobalSection(ExtensibilityGlobals) = postSolution
		SolutionGuid = {1BCE536F-03D7-496D-93D2-6F05A9790992}
	EndGlobalSection
EndGlobal
